// !$*UTF8*$!
{
	archiveVersion = 1;
	classes = {
	};
	objectVersion = 50;
	objects = {

/* Begin PBXBuildFile section */
		57EB0D984FB29DE9E9E67242 /* Pods_Swift_NN.framework in Frameworks */ = {isa = PBXBuildFile; fileRef = 158AB59D2AE3FD275F60DE5A /* Pods_Swift_NN.framework */; };
		CD2A5AAB2228951D0070DC19 /* nn.gif in Resources */ = {isa = PBXBuildFile; fileRef = CD2A5AAA2228951D0070DC19 /* nn.gif */; };
		CD8B83CC21FFACAD00EBE725 /* AppDelegate.swift in Sources */ = {isa = PBXBuildFile; fileRef = CD8B83CB21FFACAD00EBE725 /* AppDelegate.swift */; };
		CD8B83D121FFACAD00EBE725 /* Main.storyboard in Resources */ = {isa = PBXBuildFile; fileRef = CD8B83CF21FFACAD00EBE725 /* Main.storyboard */; };
		CD8B83D321FFACAE00EBE725 /* Assets.xcassets in Resources */ = {isa = PBXBuildFile; fileRef = CD8B83D221FFACAE00EBE725 /* Assets.xcassets */; };
		CD8B83D621FFACAE00EBE725 /* LaunchScreen.storyboard in Resources */ = {isa = PBXBuildFile; fileRef = CD8B83D421FFACAE00EBE725 /* LaunchScreen.storyboard */; };
		CD8B83DF21FFACEB00EBE725 /* ImageTakerViewController.swift in Sources */ = {isa = PBXBuildFile; fileRef = CD8B83DE21FFACEB00EBE725 /* ImageTakerViewController.swift */; };
		CDA5CBC42201F11F00DE310D /* Swift_Neural_Network.swift in Sources */ = {isa = PBXBuildFile; fileRef = CDA5CBC32201F11F00DE310D /* Swift_Neural_Network.swift */; };
		CDA76C372227023200F65553 /* mnist_model2.json in Resources */ = {isa = PBXBuildFile; fileRef = CDA76C362227023200F65553 /* mnist_model2.json */; };
/* End PBXBuildFile section */

/* Begin PBXFileReference section */
		158AB59D2AE3FD275F60DE5A /* Pods_Swift_NN.framework */ = {isa = PBXFileReference; explicitFileType = wrapper.framework; includeInIndex = 0; path = Pods_Swift_NN.framework; sourceTree = BUILT_PRODUCTS_DIR; };
		4BF040DD1680E3E928AB15B2 /* Pods-Swift_NN.release.xcconfig */ = {isa = PBXFileReference; includeInIndex = 1; lastKnownFileType = text.xcconfig; name = "Pods-Swift_NN.release.xcconfig"; path = "Target Support Files/Pods-Swift_NN/Pods-Swift_NN.release.xcconfig"; sourceTree = "<group>"; };
		B47B1F31348731DF80B94FF3 /* Pods-Swift_NN.debug.xcconfig */ = {isa = PBXFileReference; includeInIndex = 1; lastKnownFileType = text.xcconfig; name = "Pods-Swift_NN.debug.xcconfig"; path = "Target Support Files/Pods-Swift_NN/Pods-Swift_NN.debug.xcconfig"; sourceTree = "<group>"; };
		CD2A5AAA2228951D0070DC19 /* nn.gif */ = {isa = PBXFileReference; lastKnownFileType = image.gif; path = nn.gif; sourceTree = "<group>"; };
		CD8B83C821FFACAC00EBE725 /* Swift_NN.app */ = {isa = PBXFileReference; explicitFileType = wrapper.application; includeInIndex = 0; path = Swift_NN.app; sourceTree = BUILT_PRODUCTS_DIR; };
		CD8B83CB21FFACAD00EBE725 /* AppDelegate.swift */ = {isa = PBXFileReference; lastKnownFileType = sourcecode.swift; path = AppDelegate.swift; sourceTree = "<group>"; };
		CD8B83D021FFACAD00EBE725 /* Base */ = {isa = PBXFileReference; lastKnownFileType = file.storyboard; name = Base; path = Base.lproj/Main.storyboard; sourceTree = "<group>"; };
		CD8B83D221FFACAE00EBE725 /* Assets.xcassets */ = {isa = PBXFileReference; lastKnownFileType = folder.assetcatalog; path = Assets.xcassets; sourceTree = "<group>"; };
		CD8B83D521FFACAE00EBE725 /* Base */ = {isa = PBXFileReference; lastKnownFileType = file.storyboard; name = Base; path = Base.lproj/LaunchScreen.storyboard; sourceTree = "<group>"; };
		CD8B83D721FFACAE00EBE725 /* Info.plist */ = {isa = PBXFileReference; lastKnownFileType = text.plist.xml; path = Info.plist; sourceTree = "<group>"; };
		CD8B83DE21FFACEB00EBE725 /* ImageTakerViewController.swift */ = {isa = PBXFileReference; lastKnownFileType = sourcecode.swift; path = ImageTakerViewController.swift; sourceTree = "<group>"; };
		CDA5CBC32201F11F00DE310D /* Swift_Neural_Network.swift */ = {isa = PBXFileReference; lastKnownFileType = sourcecode.swift; path = Swift_Neural_Network.swift; sourceTree = "<group>"; };
		CDA76C362227023200F65553 /* mnist_model2.json */ = {isa = PBXFileReference; fileEncoding = 4; lastKnownFileType = text.json; path = mnist_model2.json; sourceTree = "<group>"; };
/* End PBXFileReference section */

/* Begin PBXFrameworksBuildPhase section */
		CD8B83C521FFACAC00EBE725 /* Frameworks */ = {
			isa = PBXFrameworksBuildPhase;
			buildActionMask = 2147483647;
			files = (
				57EB0D984FB29DE9E9E67242 /* Pods_Swift_NN.framework in Frameworks */,
			);
			runOnlyForDeploymentPostprocessing = 0;
		};
/* End PBXFrameworksBuildPhase section */

/* Begin PBXGroup section */
		60DAFEC2E63F87E0A2967DCE /* Frameworks */ = {
			isa = PBXGroup;
			children = (
				158AB59D2AE3FD275F60DE5A /* Pods_Swift_NN.framework */,
			);
			name = Frameworks;
			sourceTree = "<group>";
		};
		956CB9826226E7C205AF640C /* Pods */ = {
			isa = PBXGroup;
			children = (
				B47B1F31348731DF80B94FF3 /* Pods-Swift_NN.debug.xcconfig */,
				4BF040DD1680E3E928AB15B2 /* Pods-Swift_NN.release.xcconfig */,
			);
			path = Pods;
			sourceTree = "<group>";
		};
		CD8B83BF21FFACAC00EBE725 = {
			isa = PBXGroup;
			children = (
				CD8B83CA21FFACAD00EBE725 /* Swift_NN */,
				CD8B83C921FFACAC00EBE725 /* Products */,
				956CB9826226E7C205AF640C /* Pods */,
				60DAFEC2E63F87E0A2967DCE /* Frameworks */,
			);
			sourceTree = "<group>";
		};
		CD8B83C921FFACAC00EBE725 /* Products */ = {
			isa = PBXGroup;
			children = (
				CD8B83C821FFACAC00EBE725 /* Swift_NN.app */,
			);
			name = Products;
			sourceTree = "<group>";
		};
		CD8B83CA21FFACAD00EBE725 /* Swift_NN */ = {
			isa = PBXGroup;
			children = (
				CD8B83CB21FFACAD00EBE725 /* AppDelegate.swift */,
				CD2A5AAA2228951D0070DC19 /* nn.gif */,
				CDA76C362227023200F65553 /* mnist_model2.json */,
				CDA5CBC32201F11F00DE310D /* Swift_Neural_Network.swift */,
				CD8B83DD21FFACC600EBE725 /* ImageTakerViewController */,
				CD8B83CF21FFACAD00EBE725 /* Main.storyboard */,
				CD8B83D221FFACAE00EBE725 /* Assets.xcassets */,
				CD8B83D421FFACAE00EBE725 /* LaunchScreen.storyboard */,
				CD8B83D721FFACAE00EBE725 /* Info.plist */,
			);
			path = Swift_NN;
			sourceTree = "<group>";
		};
		CD8B83DD21FFACC600EBE725 /* ImageTakerViewController */ = {
			isa = PBXGroup;
			children = (
				CD8B83DE21FFACEB00EBE725 /* ImageTakerViewController.swift */,
			);
			path = ImageTakerViewController;
			sourceTree = "<group>";
		};
/* End PBXGroup section */

/* Begin PBXNativeTarget section */
		CD8B83C721FFACAC00EBE725 /* Swift_NN */ = {
			isa = PBXNativeTarget;
			buildConfigurationList = CD8B83DA21FFACAE00EBE725 /* Build configuration list for PBXNativeTarget "Swift_NN" */;
			buildPhases = (
				A4EDE4E52A31574583B7C891 /* [CP] Check Pods Manifest.lock */,
				CD8B83C421FFACAC00EBE725 /* Sources */,
				CD8B83C521FFACAC00EBE725 /* Frameworks */,
				CD8B83C621FFACAC00EBE725 /* Resources */,
				85573B9C6DCE6DDB3E5870C5 /* [CP] Embed Pods Frameworks */,
			);
			buildRules = (
			);
			dependencies = (
			);
			name = Swift_NN;
			productName = Cainn_ios;
			productReference = CD8B83C821FFACAC00EBE725 /* Swift_NN.app */;
			productType = "com.apple.product-type.application";
		};
/* End PBXNativeTarget section */

/* Begin PBXProject section */
		CD8B83C021FFACAC00EBE725 /* Project object */ = {
			isa = PBXProject;
			attributes = {
				LastSwiftUpdateCheck = 1010;
				LastUpgradeCheck = 1010;
				ORGANIZATIONNAME = Netronix;
				TargetAttributes = {
					CD8B83C721FFACAC00EBE725 = {
						CreatedOnToolsVersion = 10.1;
					};
				};
			};
			buildConfigurationList = CD8B83C321FFACAC00EBE725 /* Build configuration list for PBXProject "Swift_NN" */;
			compatibilityVersion = "Xcode 9.3";
			developmentRegion = en;
			hasScannedForEncodings = 0;
			knownRegions = (
				en,
				Base,
			);
			mainGroup = CD8B83BF21FFACAC00EBE725;
			productRefGroup = CD8B83C921FFACAC00EBE725 /* Products */;
			projectDirPath = "";
			projectRoot = "";
			targets = (
				CD8B83C721FFACAC00EBE725 /* Swift_NN */,
			);
		};
/* End PBXProject section */

/* Begin PBXResourcesBuildPhase section */
		CD8B83C621FFACAC00EBE725 /* Resources */ = {
			isa = PBXResourcesBuildPhase;
			buildActionMask = 2147483647;
			files = (
				CD2A5AAB2228951D0070DC19 /* nn.gif in Resources */,
				CD8B83D621FFACAE00EBE725 /* LaunchScreen.storyboard in Resources */,
				CDA76C372227023200F65553 /* mnist_model2.json in Resources */,
				CD8B83D321FFACAE00EBE725 /* Assets.xcassets in Resources */,
				CD8B83D121FFACAD00EBE725 /* Main.storyboard in Resources */,
			);
			runOnlyForDeploymentPostprocessing = 0;
		};
/* End PBXResourcesBuildPhase section */

/* Begin PBXShellScriptBuildPhase section */
		85573B9C6DCE6DDB3E5870C5 /* [CP] Embed Pods Frameworks */ = {
			isa = PBXShellScriptBuildPhase;
			buildActionMask = 2147483647;
			files = (
			);
			inputFileListPaths = (
			);
			inputPaths = (
				"${PODS_ROOT}/Target Support Files/Pods-Swift_NN/Pods-Swift_NN-frameworks.sh",
				"${BUILT_PRODUCTS_DIR}/SwiftGifOrigin/SwiftGifOrigin.framework",
			);
			name = "[CP] Embed Pods Frameworks";
			outputFileListPaths = (
			);
			outputPaths = (
				"${TARGET_BUILD_DIR}/${FRAMEWORKS_FOLDER_PATH}/SwiftGifOrigin.framework",
			);
			runOnlyForDeploymentPostprocessing = 0;
			shellPath = /bin/sh;
			shellScript = "\"${PODS_ROOT}/Target Support Files/Pods-Swift_NN/Pods-Swift_NN-frameworks.sh\"\n";
			showEnvVarsInLog = 0;
		};
		A4EDE4E52A31574583B7C891 /* [CP] Check Pods Manifest.lock */ = {
			isa = PBXShellScriptBuildPhase;
			buildActionMask = 2147483647;
			files = (
			);
			inputFileListPaths = (
			);
			inputPaths = (
				"${PODS_PODFILE_DIR_PATH}/Podfile.lock",
				"${PODS_ROOT}/Manifest.lock",
			);
			name = "[CP] Check Pods Manifest.lock";
			outputFileListPaths = (
			);
			outputPaths = (
				"$(DERIVED_FILE_DIR)/Pods-Swift_NN-checkManifestLockResult.txt",
			);
			runOnlyForDeploymentPostprocessing = 0;
			shellPath = /bin/sh;
			shellScript = "diff \"${PODS_PODFILE_DIR_PATH}/Podfile.lock\" \"${PODS_ROOT}/Manifest.lock\" > /dev/null\nif [ $? != 0 ] ; then\n    # print error to STDERR\n    echo \"error: The sandbox is not in sync with the Podfile.lock. Run 'pod install' or update your CocoaPods installation.\" >&2\n    exit 1\nfi\n# This output is used by Xcode 'outputs' to avoid re-running this script phase.\necho \"SUCCESS\" > \"${SCRIPT_OUTPUT_FILE_0}\"\n";
			showEnvVarsInLog = 0;
		};
/* End PBXShellScriptBuildPhase section */

/* Begin PBXSourcesBuildPhase section */
		CD8B83C421FFACAC00EBE725 /* Sources */ = {
			isa = PBXSourcesBuildPhase;
			buildActionMask = 2147483647;
			files = (
				CDA5CBC42201F11F00DE310D /* Swift_Neural_Network.swift in Sources */,
				CD8B83DF21FFACEB00EBE725 /* ImageTakerViewController.swift in Sources */,
				CD8B83CC21FFACAD00EBE725 /* AppDelegate.swift in Sources */,
			);
			runOnlyForDeploymentPostprocessing = 0;
		};
/* End PBXSourcesBuildPhase section */

/* Begin PBXVariantGroup section */
		CD8B83CF21FFACAD00EBE725 /* Main.storyboard */ = {
			isa = PBXVariantGroup;
			children = (
				CD8B83D021FFACAD00EBE725 /* Base */,
			);
			name = Main.storyboard;
			sourceTree = "<group>";
		};
		CD8B83D421FFACAE00EBE725 /* LaunchScreen.storyboard */ = {
			isa = PBXVariantGroup;
			children = (
				CD8B83D521FFACAE00EBE725 /* Base */,
			);
			name = LaunchScreen.storyboard;
			sourceTree = "<group>";
		};
/* End PBXVariantGroup section */

/* Begin XCBuildConfiguration section */
		CD8B83D821FFACAE00EBE725 /* Debug */ = {
			isa = XCBuildConfiguration;
			buildSettings = {
				ALWAYS_SEARCH_USER_PATHS = NO;
				CLANG_ANALYZER_NONNULL = YES;
				CLANG_ANALYZER_NUMBER_OBJECT_CONVERSION = YES_AGGRESSIVE;
				CLANG_CXX_LANGUAGE_STANDARD = "gnu++14";
				CLANG_CXX_LIBRARY = "libc++";
				CLANG_ENABLE_MODULES = YES;
				CLANG_ENABLE_OBJC_ARC = YES;
				CLANG_ENABLE_OBJC_WEAK = YES;
				CLANG_WARN_BLOCK_CAPTURE_AUTORELEASING = YES;
				CLANG_WARN_BOOL_CONVERSION = YES;
				CLANG_WARN_COMMA = YES;
				CLANG_WARN_CONSTANT_CONVERSION = YES;
				CLANG_WARN_DEPRECATED_OBJC_IMPLEMENTATIONS = YES;
				CLANG_WARN_DIRECT_OBJC_ISA_USAGE = YES_ERROR;
				CLANG_WARN_DOCUMENTATION_COMMENTS = YES;
				CLANG_WARN_EMPTY_BODY = YES;
				CLANG_WARN_ENUM_CONVERSION = YES;
				CLANG_WARN_INFINITE_RECURSION = YES;
				CLANG_WARN_INT_CONVERSION = YES;
				CLANG_WARN_NON_LITERAL_NULL_CONVERSION = YES;
				CLANG_WARN_OBJC_IMPLICIT_RETAIN_SELF = YES;
				CLANG_WARN_OBJC_LITERAL_CONVERSION = YES;
				CLANG_WARN_OBJC_ROOT_CLASS = YES_ERROR;
				CLANG_WARN_RANGE_LOOP_ANALYSIS = YES;
				CLANG_WARN_STRICT_PROTOTYPES = YES;
				CLANG_WARN_SUSPICIOUS_MOVE = YES;
				CLANG_WARN_UNGUARDED_AVAILABILITY = YES_AGGRESSIVE;
				CLANG_WARN_UNREACHABLE_CODE = YES;
				CLANG_WARN__DUPLICATE_METHOD_MATCH = YES;
				CODE_SIGN_IDENTITY = "iPhone Developer";
				COPY_PHASE_STRIP = NO;
				DEBUG_INFORMATION_FORMAT = dwarf;
				ENABLE_STRICT_OBJC_MSGSEND = YES;
				ENABLE_TESTABILITY = YES;
				GCC_C_LANGUAGE_STANDARD = gnu11;
				GCC_DYNAMIC_NO_PIC = NO;
				GCC_NO_COMMON_BLOCKS = YES;
				GCC_OPTIMIZATION_LEVEL = 0;
				GCC_PREPROCESSOR_DEFINITIONS = (
					"DEBUG=1",
					"$(inherited)",
				);
				GCC_WARN_64_TO_32_BIT_CONVERSION = YES;
				GCC_WARN_ABOUT_RETURN_TYPE = YES_ERROR;
				GCC_WARN_UNDECLARED_SELECTOR = YES;
				GCC_WARN_UNINITIALIZED_AUTOS = YES_AGGRESSIVE;
				GCC_WARN_UNUSED_FUNCTION = YES;
				GCC_WARN_UNUSED_VARIABLE = YES;
				IPHONEOS_DEPLOYMENT_TARGET = 12.1;
				MTL_ENABLE_DEBUG_INFO = INCLUDE_SOURCE;
				MTL_FAST_MATH = YES;
				ONLY_ACTIVE_ARCH = YES;
				SDKROOT = iphoneos;
				SWIFT_ACTIVE_COMPILATION_CONDITIONS = DEBUG;
				SWIFT_OPTIMIZATION_LEVEL = "-Onone";
			};
			name = Debug;
		};
		CD8B83D921FFACAE00EBE725 /* Release */ = {
			isa = XCBuildConfiguration;
			buildSettings = {
				ALWAYS_SEARCH_USER_PATHS = NO;
				CLANG_ANALYZER_NONNULL = YES;
				CLANG_ANALYZER_NUMBER_OBJECT_CONVERSION = YES_AGGRESSIVE;
				CLANG_CXX_LANGUAGE_STANDARD = "gnu++14";
				CLANG_CXX_LIBRARY = "libc++";
				CLANG_ENABLE_MODULES = YES;
				CLANG_ENABLE_OBJC_ARC = YES;
				CLANG_ENABLE_OBJC_WEAK = YES;
				CLANG_WARN_BLOCK_CAPTURE_AUTORELEASING = YES;
				CLANG_WARN_BOOL_CONVERSION = YES;
				CLANG_WARN_COMMA = YES;
				CLANG_WARN_CONSTANT_CONVERSION = YES;
				CLANG_WARN_DEPRECATED_OBJC_IMPLEMENTATIONS = YES;
				CLANG_WARN_DIRECT_OBJC_ISA_USAGE = YES_ERROR;
				CLANG_WARN_DOCUMENTATION_COMMENTS = YES;
				CLANG_WARN_EMPTY_BODY = YES;
				CLANG_WARN_ENUM_CONVERSION = YES;
				CLANG_WARN_INFINITE_RECURSION = YES;
				CLANG_WARN_INT_CONVERSION = YES;
				CLANG_WARN_NON_LITERAL_NULL_CONVERSION = YES;
				CLANG_WARN_OBJC_IMPLICIT_RETAIN_SELF = YES;
				CLANG_WARN_OBJC_LITERAL_CONVERSION = YES;
				CLANG_WARN_OBJC_ROOT_CLASS = YES_ERROR;
				CLANG_WARN_RANGE_LOOP_ANALYSIS = YES;
				CLANG_WARN_STRICT_PROTOTYPES = YES;
				CLANG_WARN_SUSPICIOUS_MOVE = YES;
				CLANG_WARN_UNGUARDED_AVAILABILITY = YES_AGGRESSIVE;
				CLANG_WARN_UNREACHABLE_CODE = YES;
				CLANG_WARN__DUPLICATE_METHOD_MATCH = YES;
				CODE_SIGN_IDENTITY = "iPhone Developer";
				COPY_PHASE_STRIP = NO;
				DEBUG_INFORMATION_FORMAT = "dwarf-with-dsym";
				ENABLE_NS_ASSERTIONS = NO;
				ENABLE_STRICT_OBJC_MSGSEND = YES;
				GCC_C_LANGUAGE_STANDARD = gnu11;
				GCC_NO_COMMON_BLOCKS = YES;
				GCC_WARN_64_TO_32_BIT_CONVERSION = YES;
				GCC_WARN_ABOUT_RETURN_TYPE = YES_ERROR;
				GCC_WARN_UNDECLARED_SELECTOR = YES;
				GCC_WARN_UNINITIALIZED_AUTOS = YES_AGGRESSIVE;
				GCC_WARN_UNUSED_FUNCTION = YES;
				GCC_WARN_UNUSED_VARIABLE = YES;
				IPHONEOS_DEPLOYMENT_TARGET = 12.1;
				MTL_ENABLE_DEBUG_INFO = NO;
				MTL_FAST_MATH = YES;
				SDKROOT = iphoneos;
				SWIFT_COMPILATION_MODE = wholemodule;
				SWIFT_OPTIMIZATION_LEVEL = "-O";
				VALIDATE_PRODUCT = YES;
			};
			name = Release;
		};
		CD8B83DB21FFACAE00EBE725 /* Debug */ = {
			isa = XCBuildConfiguration;
			baseConfigurationReference = B47B1F31348731DF80B94FF3 /* Pods-Swift_NN.debug.xcconfig */;
			buildSettings = {
				ASSETCATALOG_COMPILER_APPICON_NAME = AppIcon;
				CODE_SIGN_STYLE = Automatic;
				DEVELOPMENT_TEAM = SS9YD37A7W;
				INFOPLIST_FILE = Swift_NN/Info.plist;
				LD_RUNPATH_SEARCH_PATHS = (
					"$(inherited)",
					"@executable_path/Frameworks",
				);
				PRODUCT_BUNDLE_IDENTIFIER = "com.goeshow.Swift-NN";
				PRODUCT_NAME = "$(TARGET_NAME)";
				SWIFT_VERSION = 4.2;
				TARGETED_DEVICE_FAMILY = "1,2";
			};
			name = Debug;
		};
		CD8B83DC21FFACAE00EBE725 /* Release */ = {
			isa = XCBuildConfiguration;
			baseConfigurationReference = 4BF040DD1680E3E928AB15B2 /* Pods-Swift_NN.release.xcconfig */;
			buildSettings = {
				ASSETCATALOG_COMPILER_APPICON_NAME = AppIcon;
				CODE_SIGN_STYLE = Automatic;
				DEVELOPMENT_TEAM = SS9YD37A7W;
				INFOPLIST_FILE = Swift_NN/Info.plist;
				LD_RUNPATH_SEARCH_PATHS = (
					"$(inherited)",
					"@executable_path/Frameworks",
				);
				PRODUCT_BUNDLE_IDENTIFIER = "com.goeshow.Swift-NN";
				PRODUCT_NAME = "$(TARGET_NAME)";
				SWIFT_VERSION = 4.2;
				TARGETED_DEVICE_FAMILY = "1,2";
			};
			name = Release;
		};
/* End XCBuildConfiguration section */

/* Begin XCConfigurationList section */
		CD8B83C321FFACAC00EBE725 /* Build configuration list for PBXProject "Swift_NN" */ = {
			isa = XCConfigurationList;
			buildConfigurations = (
				CD8B83D821FFACAE00EBE725 /* Debug */,
				CD8B83D921FFACAE00EBE725 /* Release */,
			);
			defaultConfigurationIsVisible = 0;
			defaultConfigurationName = Release;
		};
		CD8B83DA21FFACAE00EBE725 /* Build configuration list for PBXNativeTarget "Swift_NN" */ = {
			isa = XCConfigurationList;
			buildConfigurations = (
				CD8B83DB21FFACAE00EBE725 /* Debug */,
				CD8B83DC21FFACAE00EBE725 /* Release */,
			);
			defaultConfigurationIsVisible = 0;
			defaultConfigurationName = Release;
		};
/* End XCConfigurationList section */
	};
	rootObject = CD8B83C021FFACAC00EBE725 /* Project object */;
}
